
Microsoft Visual Studio Solution File, Format Version 12.00
# Visual Studio Version 16
VisualStudioVersion = 16.0.32510.428
MinimumVisualStudioVersion = 10.0.40219.1
Project("{FAE04EC0-301F-11D3-BF4B-00C04F79EFBC}") = "Защитник", "Защитник\Защитник.csproj", "{13C74533-40CF-4D37-94C5-2AD5B4824AC8}"
EndProject
Global
	GlobalSection(SolutionConfigurationPlatforms) = preSolution
		Debug|Any CPU = Debug|Any CPU
		Release|Any CPU = Release|Any CPU
	EndGlobalSection
	GlobalSection(ProjectConfigurationPlatforms) = postSolution
		{13C74533-40CF-4D37-94C5-2AD5B4824AC8}.Debug|Any CPU.ActiveCfg = Debug|Any CPU
		{13C74533-40CF-4D37-94C5-2AD5B4824AC8}.Debug|Any CPU.Build.0 = Debug|Any CPU
		{13C74533-40CF-4D37-94C5-2AD5B4824AC8}.Release|Any CPU.ActiveCfg = Release|Any CPU
		{13C74533-40CF-4D37-94C5-2AD5B4824AC8}.Release|Any CPU.Build.0 = Release|Any CPU
	EndGlobalSection
	GlobalSection(SolutionProperties) = preSolution
		HideSolutionNode = FALSE
	EndGlobalSection
	GlobalSection(ExtensibilityGlobals) = postSolution
		SolutionGuid = {BFB114CB-CE64-4CB9-A8AC-381584CA52FB}
	EndGlobalSection
EndGlobal
